
Microsoft Visual Studio Solution File, Format Version 12.00
# Visual Studio Version 16
VisualStudioVersion = 16.0.30611.23
MinimumVisualStudioVersion = 10.0.40219.1
Project("{FAE04EC0-301F-11D3-BF4B-00C04F79EFBC}") = "TextChat", "TextChat\TextChat.csproj", "{FD6072C7-BEC6-4844-8B07-B06AC1B5C73E}"
EndProject
Global
	GlobalSection(SolutionConfigurationPlatforms) = preSolution
		Debug|Any CPU = Debug|Any CPU
		Release|Any CPU = Release|Any CPU
	EndGlobalSection
	GlobalSection(ProjectConfigurationPlatforms) = postSolution
		{FD6072C7-BEC6-4844-8B07-B06AC1B5C73E}.Debug|Any CPU.ActiveCfg = Debug|Any CPU
		{FD6072C7-BEC6-4844-8B07-B06AC1B5C73E}.Debug|Any CPU.Build.0 = Debug|Any CPU
		{FD6072C7-BEC6-4844-8B07-B06AC1B5C73E}.Release|Any CPU.ActiveCfg = Release|Any CPU
		{FD6072C7-BEC6-4844-8B07-B06AC1B5C73E}.Release|Any CPU.Build.0 = Release|Any CPU
	EndGlobalSection
	GlobalSection(SolutionProperties) = preSolution
		HideSolutionNode = FALSE
	EndGlobalSection
	GlobalSection(ExtensibilityGlobals) = postSolution
		SolutionGuid = {56574652-039D-4947-9105-AE647BF176A8}
	EndGlobalSection
EndGlobal
